
Microsoft Visual Studio Solution File, Format Version 12.00
# Visual Studio Version 16
VisualStudioVersion = 16.0.28902.138
MinimumVisualStudioVersion = 10.0.40219.1
Project("{FAE04EC0-301F-11D3-BF4B-00C04F79EFBC}") = "DiscordRPforVS", "DiscordRPforVS.csproj", "{15F66A84-61E2-42B9-B59E-1D31BA3826B3}"
EndProject
Project("{2150E333-8FDC-42A3-9474-1A3956D46DE8}") = "Solution Folder", "Solution Folder", "{D8D30BF8-9C7F-4D95-968C-B629DB5CD38F}"
	ProjectSection(SolutionItems) = preProject
		.editorconfig = .editorconfig
		.gitignore = .gitignore
		CHANGELOG.md = CHANGELOG.md
		CODE_OF_CONDUCT.md = CODE_OF_CONDUCT.md
		LICENSE.txt = LICENSE.txt
		README.md = README.md
	EndProjectSection
EndProject
Global
	GlobalSection(SolutionConfigurationPlatforms) = preSolution
		Debug|Any CPU = Debug|Any CPU
		Debug|x64 = Debug|x64
		Debug|x86 = Debug|x86
		Release|Any CPU = Release|Any CPU
		Release|x64 = Release|x64
		Release|x86 = Release|x86
	EndGlobalSection
	GlobalSection(ProjectConfigurationPlatforms) = postSolution
		{15F66A84-61E2-42B9-B59E-1D31BA3826B3}.Debug|Any CPU.ActiveCfg = Debug|Any CPU
		{15F66A84-61E2-42B9-B59E-1D31BA3826B3}.Debug|Any CPU.Build.0 = Debug|Any CPU
		{15F66A84-61E2-42B9-B59E-1D31BA3826B3}.Debug|x64.ActiveCfg = Debug|Any CPU
		{15F66A84-61E2-42B9-B59E-1D31BA3826B3}.Debug|x64.Build.0 = Debug|Any CPU
		{15F66A84-61E2-42B9-B59E-1D31BA3826B3}.Debug|x86.ActiveCfg = Debug|Any CPU
		{15F66A84-61E2-42B9-B59E-1D31BA3826B3}.Debug|x86.Build.0 = Debug|Any CPU
		{15F66A84-61E2-42B9-B59E-1D31BA3826B3}.Release|Any CPU.ActiveCfg = Release|Any CPU
		{15F66A84-61E2-42B9-B59E-1D31BA3826B3}.Release|Any CPU.Build.0 = Release|Any CPU
		{15F66A84-61E2-42B9-B59E-1D31BA3826B3}.Release|x64.ActiveCfg = Release|Any CPU
		{15F66A84-61E2-42B9-B59E-1D31BA3826B3}.Release|x64.Build.0 = Release|Any CPU
		{15F66A84-61E2-42B9-B59E-1D31BA3826B3}.Release|x86.ActiveCfg = Release|Any CPU
		{15F66A84-61E2-42B9-B59E-1D31BA3826B3}.Release|x86.Build.0 = Release|Any CPU
	EndGlobalSection
	GlobalSection(SolutionProperties) = preSolution
		HideSolutionNode = FALSE
	EndGlobalSection
	GlobalSection(ExtensibilityGlobals) = postSolution
		SolutionGuid = {33667D72-B006-40EB-82DF-03D8B928F35C}
	EndGlobalSection
EndGlobal
